// !$*UTF8*$!
{
	archiveVersion = 1;
	classes = {
	};
	objectVersion = 46;
	objects = {

/* Begin PBXBuildFile section */
		4BB1BA7A1DE3F0DE0036E9A7 /* AppDelegate.swift in Sources */ = {isa = PBXBuildFile; fileRef = 4BB1BA791DE3F0DE0036E9A7 /* AppDelegate.swift */; };
		4BB1BA7C1DE3F0DE0036E9A7 /* ViewController.swift in Sources */ = {isa = PBXBuildFile; fileRef = 4BB1BA7B1DE3F0DE0036E9A7 /* ViewController.swift */; };
		4BB1BA7F1DE3F0DE0036E9A7 /* Main.storyboard in Resources */ = {isa = PBXBuildFile; fileRef = 4BB1BA7D1DE3F0DE0036E9A7 /* Main.storyboard */; };
		4BB1BA811DE3F0DE0036E9A7 /* Assets.xcassets in Resources */ = {isa = PBXBuildFile; fileRef = 4BB1BA801DE3F0DE0036E9A7 /* Assets.xcassets */; };
		4BB1BA841DE3F0DE0036E9A7 /* LaunchScreen.storyboard in Resources */ = {isa = PBXBuildFile; fileRef = 4BB1BA821DE3F0DE0036E9A7 /* LaunchScreen.storyboard */; };
/* End PBXBuildFile section */

/* Begin PBXFileReference section */
		4BB1BA761DE3F0DE0036E9A7 /* DynamicLabel.app */ = {isa = PBXFileReference; explicitFileType = wrapper.application; includeInIndex = 0; path = DynamicLabel.app; sourceTree = BUILT_PRODUCTS_DIR; };
		4BB1BA791DE3F0DE0036E9A7 /* AppDelegate.swift */ = {isa = PBXFileReference; lastKnownFileType = sourcecode.swift; path = AppDelegate.swift; sourceTree = "<group>"; };
		4BB1BA7B1DE3F0DE0036E9A7 /* ViewController.swift */ = {isa = PBXFileReference; lastKnownFileType = sourcecode.swift; path = ViewController.swift; sourceTree = "<group>"; };
		4BB1BA7E1DE3F0DE0036E9A7 /* Base */ = {isa = PBXFileReference; lastKnownFileType = file.storyboard; name = Base; path = Base.lproj/Main.storyboard; sourceTree = "<group>"; };
		4BB1BA801DE3F0DE0036E9A7 /* Assets.xcassets */ = {isa = PBXFileReference; lastKnownFileType = folder.assetcatalog; path = Assets.xcassets; sourceTree = "<group>"; };
		4BB1BA831DE3F0DE0036E9A7 /* Base */ = {isa = PBXFileReference; lastKnownFileType = file.storyboard; name = Base; path = Base.lproj/LaunchScreen.storyboard; sourceTree = "<group>"; };
		4BB1BA851DE3F0DE0036E9A7 /* Info.plist */ = {isa = PBXFileReference; lastKnownFileType = text.plist.xml; path = Info.plist; sourceTree = "<group>"; };
/* End PBXFileReference section */

/* Begin PBXFrameworksBuildPhase section */
		4BB1BA731DE3F0DE0036E9A7 /* Frameworks */ = {
			isa = PBXFrameworksBuildPhase;
			buildActionMask = 2147483647;
			files = (
			);
			runOnlyForDeploymentPostprocessing = 0;
		};
/* End PBXFrameworksBuildPhase section */

/* Begin PBXGroup section */
		4BB1BA6D1DE3F0DE0036E9A7 = {
			isa = PBXGroup;
			children = (
				4BB1BA781DE3F0DE0036E9A7 /* DynamicLabel */,
				4BB1BA771DE3F0DE0036E9A7 /* Products */,
			);
			sourceTree = "<group>";
		};
		4BB1BA771DE3F0DE0036E9A7 /* Products */ = {
			isa = PBXGroup;
			children = (
				4BB1BA761DE3F0DE0036E9A7 /* DynamicLabel.app */,
			);
			name = Products;
			sourceTree = "<group>";
		};
		4BB1BA781DE3F0DE0036E9A7 /* DynamicLabel */ = {
			isa = PBXGroup;
			children = (
				4BB1BA791DE3F0DE0036E9A7 /* AppDelegate.swift */,
				4BB1BA7B1DE3F0DE0036E9A7 /* ViewController.swift */,
				4BB1BA7D1DE3F0DE0036E9A7 /* Main.storyboard */,
				4BB1BA801DE3F0DE0036E9A7 /* Assets.xcassets */,
				4BB1BA821DE3F0DE0036E9A7 /* LaunchScreen.storyboard */,
				4BB1BA851DE3F0DE0036E9A7 /* Info.plist */,
			);
			path = DynamicLabel;
			sourceTree = "<group>";
		};
/* End PBXGroup section */

/* Begin PBXNativeTarget section */
		4BB1BA751DE3F0DE0036E9A7 /* DynamicLabel */ = {
			isa = PBXNativeTarget;
			buildConfigurationList = 4BB1BA881DE3F0DE0036E9A7 /* Build configuration list for PBXNativeTarget "DynamicLabel" */;
			buildPhases = (
				4BB1BA721DE3F0DE0036E9A7 /* Sources */,
				4BB1BA731DE3F0DE0036E9A7 /* Frameworks */,
				4BB1BA741DE3F0DE0036E9A7 /* Resources */,
			);
			buildRules = (
			);
			dependencies = (
			);
			name = DynamicLabel;
			productName = DynamicLabel;
			productReference = 4BB1BA761DE3F0DE0036E9A7 /* DynamicLabel.app */;
			productType = "com.apple.product-type.application";
		};
/* End PBXNativeTarget section */

/* Begin PBXProject section */
		4BB1BA6E1DE3F0DE0036E9A7 /* Project object */ = {
			isa = PBXProject;
			attributes = {
				LastSwiftUpdateCheck = 0810;
				LastUpgradeCheck = 0810;
				ORGANIZATIONNAME = "Piyush Sharma";
				TargetAttributes = {
					4BB1BA751DE3F0DE0036E9A7 = {
						CreatedOnToolsVersion = 8.1;
						ProvisioningStyle = Automatic;
					};
				};
			};
			buildConfigurationList = 4BB1BA711DE3F0DE0036E9A7 /* Build configuration list for PBXProject "DynamicLabel" */;
			compatibilityVersion = "Xcode 3.2";
			developmentRegion = English;
			hasScannedForEncodings = 0;
			knownRegions = (
				en,
				Base,
			);
			mainGroup = 4BB1BA6D1DE3F0DE0036E9A7;
			productRefGroup = 4BB1BA771DE3F0DE0036E9A7 /* Products */;
			projectDirPath = "";
			projectRoot = "";
			targets = (
				4BB1BA751DE3F0DE0036E9A7 /* DynamicLabel */,
			);
		};
/* End PBXProject section */

/* Begin PBXResourcesBuildPhase section */
		4BB1BA741DE3F0DE0036E9A7 /* Resources */ = {
			isa = PBXResourcesBuildPhase;
			buildActionMask = 2147483647;
			files = (
				4BB1BA841DE3F0DE0036E9A7 /* LaunchScreen.storyboard in Resources */,
				4BB1BA811DE3F0DE0036E9A7 /* Assets.xcassets in Resources */,
				4BB1BA7F1DE3F0DE0036E9A7 /* Main.storyboard in Resources */,
			);
			runOnlyForDeploymentPostprocessing = 0;
		};
/* End PBXResourcesBuildPhase section */

/* Begin PBXSourcesBuildPhase section */
		4BB1BA721DE3F0DE0036E9A7 /* Sources */ = {
			isa = PBXSourcesBuildPhase;
			buildActionMask = 2147483647;
			files = (
				4BB1BA7C1DE3F0DE0036E9A7 /* ViewController.swift in Sources */,
				4BB1BA7A1DE3F0DE0036E9A7 /* AppDelegate.swift in Sources */,
			);
			runOnlyForDeploymentPostprocessing = 0;
		};
/* End PBXSourcesBuildPhase section */

/* Begin PBXVariantGroup section */
		4BB1BA7D1DE3F0DE0036E9A7 /* Main.storyboard */ = {
			isa = PBXVariantGroup;
			children = (
				4BB1BA7E1DE3F0DE0036E9A7 /* Base */,
			);
			name = Main.storyboard;
			sourceTree = "<group>";
		};
		4BB1BA821DE3F0DE0036E9A7 /* LaunchScreen.storyboard */ = {
			isa = PBXVariantGroup;
			children = (
				4BB1BA831DE3F0DE0036E9A7 /* Base */,
			);
			name = LaunchScreen.storyboard;
			sourceTree = "<group>";
		};
/* End PBXVariantGroup section */

/* Begin XCBuildConfiguration section */
		4BB1BA861DE3F0DE0036E9A7 /* Debug */ = {
			isa = XCBuildConfiguration;
			buildSettings = {
				ALWAYS_SEARCH_USER_PATHS = NO;
				CLANG_ANALYZER_NONNULL = YES;
				CLANG_CXX_LANGUAGE_STANDARD = "gnu++0x";
				CLANG_CXX_LIBRARY = "libc++";
				CLANG_ENABLE_MODULES = YES;
				CLANG_ENABLE_OBJC_ARC = YES;
				CLANG_WARN_BOOL_CONVERSION = YES;
				CLANG_WARN_CONSTANT_CONVERSION = YES;
				CLANG_WARN_DIRECT_OBJC_ISA_USAGE = YES_ERROR;
				CLANG_WARN_DOCUMENTATION_COMMENTS = YES;
				CLANG_WARN_EMPTY_BODY = YES;
				CLANG_WARN_ENUM_CONVERSION = YES;
				CLANG_WARN_INFINITE_RECURSION = YES;
				CLANG_WARN_INT_CONVERSION = YES;
				CLANG_WARN_OBJC_ROOT_CLASS = YES_ERROR;
				CLANG_WARN_SUSPICIOUS_MOVES = YES;
				CLANG_WARN_UNREACHABLE_CODE = YES;
				CLANG_WARN__DUPLICATE_METHOD_MATCH = YES;
				"CODE_SIGN_IDENTITY[sdk=iphoneos*]" = "iPhone Developer";
				COPY_PHASE_STRIP = NO;
				DEBUG_INFORMATION_FORMAT = dwarf;
				ENABLE_STRICT_OBJC_MSGSEND = YES;
				ENABLE_TESTABILITY = YES;
				GCC_C_LANGUAGE_STANDARD = gnu99;
				GCC_DYNAMIC_NO_PIC = NO;
				GCC_NO_COMMON_BLOCKS = YES;
				GCC_OPTIMIZATION_LEVEL = 0;
				GCC_PREPROCESSOR_DEFINITIONS = (
					"DEBUG=1",
					"$(inherited)",
				);
				GCC_WARN_64_TO_32_BIT_CONVERSION = YES;
				GCC_WARN_ABOUT_RETURN_TYPE = YES_ERROR;
				GCC_WARN_UNDECLARED_SELECTOR = YES;
				GCC_WARN_UNINITIALIZED_AUTOS = YES_AGGRESSIVE;
				GCC_WARN_UNUSED_FUNCTION = YES;
				GCC_WARN_UNUSED_VARIABLE = YES;
				IPHONEOS_DEPLOYMENT_TARGET = 10.1;
				MTL_ENABLE_DEBUG_INFO = YES;
				ONLY_ACTIVE_ARCH = YES;
				SDKROOT = iphoneos;
				SWIFT_ACTIVE_COMPILATION_CONDITIONS = DEBUG;
				SWIFT_OPTIMIZATION_LEVEL = "-Onone";
				TARGETED_DEVICE_FAMILY = "1,2";
			};
			name = Debug;
		};
		4BB1BA871DE3F0DE0036E9A7 /* Release */ = {
			isa = XCBuildConfiguration;
			buildSettings = {
				ALWAYS_SEARCH_USER_PATHS = NO;
				CLANG_ANALYZER_NONNULL = YES;
				CLANG_CXX_LANGUAGE_STANDARD = "gnu++0x";
				CLANG_CXX_LIBRARY = "libc++";
				CLANG_ENABLE_MODULES = YES;
				CLANG_ENABLE_OBJC_ARC = YES;
				CLANG_WARN_BOOL_CONVERSION = YES;
				CLANG_WARN_CONSTANT_CONVERSION = YES;
				CLANG_WARN_DIRECT_OBJC_ISA_USAGE = YES_ERROR;
				CLANG_WARN_DOCUMENTATION_COMMENTS = YES;
				CLANG_WARN_EMPTY_BODY = YES;
				CLANG_WARN_ENUM_CONVERSION = YES;
				CLANG_WARN_INFINITE_RECURSION = YES;
				CLANG_WARN_INT_CONVERSION = YES;
				CLANG_WARN_OBJC_ROOT_CLASS = YES_ERROR;
				CLANG_WARN_SUSPICIOUS_MOVES = YES;
				CLANG_WARN_UNREACHABLE_CODE = YES;
				CLANG_WARN__DUPLICATE_METHOD_MATCH = YES;
				"CODE_SIGN_IDENTITY[sdk=iphoneos*]" = "iPhone Developer";
				COPY_PHASE_STRIP = NO;
				DEBUG_INFORMATION_FORMAT = "dwarf-with-dsym";
				ENABLE_NS_ASSERTIONS = NO;
				ENABLE_STRICT_OBJC_MSGSEND = YES;
				GCC_C_LANGUAGE_STANDARD = gnu99;
				GCC_NO_COMMON_BLOCKS = YES;
				GCC_WARN_64_TO_32_BIT_CONVERSION = YES;
				GCC_WARN_ABOUT_RETURN_TYPE = YES_ERROR;
				GCC_WARN_UNDECLARED_SELECTOR = YES;
				GCC_WARN_UNINITIALIZED_AUTOS = YES_AGGRESSIVE;
				GCC_WARN_UNUSED_FUNCTION = YES;
				GCC_WARN_UNUSED_VARIABLE = YES;
				IPHONEOS_DEPLOYMENT_TARGET = 10.1;
				MTL_ENABLE_DEBUG_INFO = NO;
				SDKROOT = iphoneos;
				SWIFT_OPTIMIZATION_LEVEL = "-Owholemodule";
				TARGETED_DEVICE_FAMILY = "1,2";
				VALIDATE_PRODUCT = YES;
			};
			name = Release;
		};
		4BB1BA891DE3F0DE0036E9A7 /* Debug */ = {
			isa = XCBuildConfiguration;
			buildSettings = {
				ASSETCATALOG_COMPILER_APPICON_NAME = AppIcon;
				INFOPLIST_FILE = DynamicLabel/Info.plist;
				LD_RUNPATH_SEARCH_PATHS = "$(inherited) @executable_path/Frameworks";
				PRODUCT_BUNDLE_IDENTIFIER = com.apple.DynamicLabel;
				PRODUCT_NAME = "$(TARGET_NAME)";
				SWIFT_VERSION = 3.0;
			};
			name = Debug;
		};
		4BB1BA8A1DE3F0DE0036E9A7 /* Release */ = {
			isa = XCBuildConfiguration;
			buildSettings = {
				ASSETCATALOG_COMPILER_APPICON_NAME = AppIcon;
				INFOPLIST_FILE = DynamicLabel/Info.plist;
				LD_RUNPATH_SEARCH_PATHS = "$(inherited) @executable_path/Frameworks";
				PRODUCT_BUNDLE_IDENTIFIER = com.apple.DynamicLabel;
				PRODUCT_NAME = "$(TARGET_NAME)";
				SWIFT_VERSION = 3.0;
			};
			name = Release;
		};
/* End XCBuildConfiguration section */

/* Begin XCConfigurationList section */
		4BB1BA711DE3F0DE0036E9A7 /* Build configuration list for PBXProject "DynamicLabel" */ = {
			isa = XCConfigurationList;
			buildConfigurations = (
				4BB1BA861DE3F0DE0036E9A7 /* Debug */,
				4BB1BA871DE3F0DE0036E9A7 /* Release */,
			);
			defaultConfigurationIsVisible = 0;
			defaultConfigurationName = Release;
		};
		4BB1BA881DE3F0DE0036E9A7 /* Build configuration list for PBXNativeTarget "DynamicLabel" */ = {
			isa = XCConfigurationList;
			buildConfigurations = (
				4BB1BA891DE3F0DE0036E9A7 /* Debug */,
				4BB1BA8A1DE3F0DE0036E9A7 /* Release */,
			);
			defaultConfigurationIsVisible = 0;
		};
/* End XCConfigurationList section */
	};
	rootObject = 4BB1BA6E1DE3F0DE0036E9A7 /* Project object */;
}
